Microsoft Visual Studio Solution File, Format Version 12.00
# Visual Studio Version 17
VisualStudioVersion = 17.5.2.0
MinimumVisualStudioVersion = 10.0.40219.1
Project("{FAE04EC0-301F-11D3-BF4B-00C04F79EFBC}") = "MVCAssignment", "MVCAssignment.csproj", "{E9F734B2-B98D-172C-5497-DC1A280BDE0C}"
EndProject
Global
	GlobalSection(SolutionConfigurationPlatforms) = preSolution
		Debug|Any CPU = Debug|Any CPU
		Release|Any CPU = Release|Any CPU
	EndGlobalSection
	GlobalSection(ProjectConfigurationPlatforms) = postSolution
		{E9F734B2-B98D-172C-5497-DC1A280BDE0C}.Debug|Any CPU.ActiveCfg = Debug|Any CPU
		{E9F734B2-B98D-172C-5497-DC1A280BDE0C}.Debug|Any CPU.Build.0 = Debug|Any CPU
		{E9F734B2-B98D-172C-5497-DC1A280BDE0C}.Release|Any CPU.ActiveCfg = Release|Any CPU
		{E9F734B2-B98D-172C-5497-DC1A280BDE0C}.Release|Any CPU.Build.0 = Release|Any CPU
	EndGlobalSection
	GlobalSection(SolutionProperties) = preSolution
		HideSolutionNode = FALSE
	EndGlobalSection
	GlobalSection(ExtensibilityGlobals) = postSolution
		SolutionGuid = {797070C1-40BC-4234-ABF4-C2C51DF60FE5}
	EndGlobalSection
EndGlobal
